
Microsoft Visual Studio Solution File, Format Version 12.00
# Visual Studio Version 17
VisualStudioVersion = 17.8.34309.116
MinimumVisualStudioVersion = 10.0.40219.1
Project("{9A19103F-16F7-4668-BE54-9A1E7A4F7556}") = "LINQ.Challenge", "LINQ.Challenge\LINQ.Challenge.csproj", "{B1857143-4C2E-41BA-BDBD-73AD6152A146}"
EndProject
Project("{9A19103F-16F7-4668-BE54-9A1E7A4F7556}") = "LINQ.Challenge.Tests", "LINQ.Challenge.Tests\LINQ.Challenge.Tests.csproj", "{13BFE43F-F172-4A16-8BCA-034B6EEAE163}"
EndProject
Global
	GlobalSection(SolutionConfigurationPlatforms) = preSolution
		Debug|Any CPU = Debug|Any CPU
		Release|Any CPU = Release|Any CPU
	EndGlobalSection
	GlobalSection(ProjectConfigurationPlatforms) = postSolution
		{B1857143-4C2E-41BA-BDBD-73AD6152A146}.Debug|Any CPU.ActiveCfg = Debug|Any CPU
		{B1857143-4C2E-41BA-BDBD-73AD6152A146}.Debug|Any CPU.Build.0 = Debug|Any CPU
		{B1857143-4C2E-41BA-BDBD-73AD6152A146}.Release|Any CPU.ActiveCfg = Release|Any CPU
		{B1857143-4C2E-41BA-BDBD-73AD6152A146}.Release|Any CPU.Build.0 = Release|Any CPU
		{13BFE43F-F172-4A16-8BCA-034B6EEAE163}.Debug|Any CPU.ActiveCfg = Debug|Any CPU
		{13BFE43F-F172-4A16-8BCA-034B6EEAE163}.Debug|Any CPU.Build.0 = Debug|Any CPU
		{13BFE43F-F172-4A16-8BCA-034B6EEAE163}.Release|Any CPU.ActiveCfg = Release|Any CPU
		{13BFE43F-F172-4A16-8BCA-034B6EEAE163}.Release|Any CPU.Build.0 = Release|Any CPU
	EndGlobalSection
	GlobalSection(SolutionProperties) = preSolution
		HideSolutionNode = FALSE
	EndGlobalSection
	GlobalSection(ExtensibilityGlobals) = postSolution
		SolutionGuid = {D8C5460E-258E-4601-B18A-CD76EB73B353}
	EndGlobalSection
EndGlobal
